// !$*UTF8*$!
{
	archiveVersion = 1;
	classes = {
	};
	objectVersion = 55;
	objects = {

/* Begin PBXBuildFile section */
		222EEBEB27C3995000976A46 /* MyFirstProjectApp.swift in Sources */ = {isa = PBXBuildFile; fileRef = 222EEBEA27C3995000976A46 /* MyFirstProjectApp.swift */; };
		222EEBED27C3995000976A46 /* ContentView.swift in Sources */ = {isa = PBXBuildFile; fileRef = 222EEBEC27C3995000976A46 /* ContentView.swift */; };
		222EEBEF27C3995300976A46 /* Assets.xcassets in Resources */ = {isa = PBXBuildFile; fileRef = 222EEBEE27C3995300976A46 /* Assets.xcassets */; };
		222EEBF227C3995300976A46 /* Preview Assets.xcassets in Resources */ = {isa = PBXBuildFile; fileRef = 222EEBF127C3995300976A46 /* Preview Assets.xcassets */; };
		22987F3827C6401E00EDE741 /* ListView.swift in Sources */ = {isa = PBXBuildFile; fileRef = 22987F3727C6401E00EDE741 /* ListView.swift */; };
		22FAB85527C5223100DAF7DB /* StatesGestures.swift in Sources */ = {isa = PBXBuildFile; fileRef = 22FAB85427C5223100DAF7DB /* StatesGestures.swift */; };
		B8398175280C895F0013EB77 /* NavigationLinkSheet.swift in Sources */ = {isa = PBXBuildFile; fileRef = B8398174280C895F0013EB77 /* NavigationLinkSheet.swift */; };
		B83F1FA22812FBF200B73031 /* Animation.swift in Sources */ = {isa = PBXBuildFile; fileRef = B83F1FA12812FBF200B73031 /* Animation.swift */; };
		B843833F281478DA005ED69F /* RegistrationPage.swift in Sources */ = {isa = PBXBuildFile; fileRef = B843833E281478DA005ED69F /* RegistrationPage.swift */; };
		B8AFC66C2801A99B00024CAD /* NavigationViewForm.swift in Sources */ = {isa = PBXBuildFile; fileRef = B8AFC66B2801A99B00024CAD /* NavigationViewForm.swift */; };
		B8B4B5B4280C5572009DB972 /* Modifires.swift in Sources */ = {isa = PBXBuildFile; fileRef = B8B4B5B3280C5572009DB972 /* Modifires.swift */; };
		B8B828752808A1ED00B2FFA3 /* .swiftlint.yml in Resources */ = {isa = PBXBuildFile; fileRef = B8B828742808A1ED00B2FFA3 /* .swiftlint.yml */; };
		B8C4175528099FC100716ECE /* AppGessFlag.swift in Sources */ = {isa = PBXBuildFile; fileRef = B8C4175428099FC100716ECE /* AppGessFlag.swift */; };
		B8C715B728145977000B3701 /* CustomTabBar.swift in Sources */ = {isa = PBXBuildFile; fileRef = B8C715B628145977000B3701 /* CustomTabBar.swift */; };
		B8C99620280EE9CA002EB4B1 /* AppMyWastes.swift in Sources */ = {isa = PBXBuildFile; fileRef = B8C9961F280EE9CA002EB4B1 /* AppMyWastes.swift */; };
		B8C99622280EFB59002EB4B1 /* AddWastesView.swift in Sources */ = {isa = PBXBuildFile; fileRef = B8C99621280EFB59002EB4B1 /* AddWastesView.swift */; };
		B8D65A7D280DC87B0062A748 /* UserDefaults.swift in Sources */ = {isa = PBXBuildFile; fileRef = B8D65A7C280DC87B0062A748 /* UserDefaults.swift */; };
		B8D6F999280473BA00A17148 /* TabViewCalcAlerts.swift in Sources */ = {isa = PBXBuildFile; fileRef = B8D6F998280473BA00A17148 /* TabViewCalcAlerts.swift */; };
/* End PBXBuildFile section */

/* Begin PBXFileReference section */
		222EEBE727C3995000976A46 /* MyFirstProject.app */ = {isa = PBXFileReference; explicitFileType = wrapper.application; includeInIndex = 0; path = MyFirstProject.app; sourceTree = BUILT_PRODUCTS_DIR; };
		222EEBEA27C3995000976A46 /* MyFirstProjectApp.swift */ = {isa = PBXFileReference; lastKnownFileType = sourcecode.swift; path = MyFirstProjectApp.swift; sourceTree = "<group>"; };
		222EEBEC27C3995000976A46 /* ContentView.swift */ = {isa = PBXFileReference; lastKnownFileType = sourcecode.swift; path = ContentView.swift; sourceTree = "<group>"; };
		222EEBEE27C3995300976A46 /* Assets.xcassets */ = {isa = PBXFileReference; lastKnownFileType = folder.assetcatalog; path = Assets.xcassets; sourceTree = "<group>"; };
		222EEBF127C3995300976A46 /* Preview Assets.xcassets */ = {isa = PBXFileReference; lastKnownFileType = folder.assetcatalog; path = "Preview Assets.xcassets"; sourceTree = "<group>"; };
		22987F3727C6401E00EDE741 /* ListView.swift */ = {isa = PBXFileReference; lastKnownFileType = sourcecode.swift; path = ListView.swift; sourceTree = "<group>"; };
		22FAB85427C5223100DAF7DB /* StatesGestures.swift */ = {isa = PBXFileReference; lastKnownFileType = sourcecode.swift; path = StatesGestures.swift; sourceTree = "<group>"; };
		B8398174280C895F0013EB77 /* NavigationLinkSheet.swift */ = {isa = PBXFileReference; lastKnownFileType = sourcecode.swift; path = NavigationLinkSheet.swift; sourceTree = "<group>"; };
		B83F1FA12812FBF200B73031 /* Animation.swift */ = {isa = PBXFileReference; lastKnownFileType = sourcecode.swift; path = Animation.swift; sourceTree = "<group>"; };
		B843833E281478DA005ED69F /* RegistrationPage.swift */ = {isa = PBXFileReference; lastKnownFileType = sourcecode.swift; path = RegistrationPage.swift; sourceTree = "<group>"; };
		B8AFC66B2801A99B00024CAD /* NavigationViewForm.swift */ = {isa = PBXFileReference; lastKnownFileType = sourcecode.swift; path = NavigationViewForm.swift; sourceTree = "<group>"; };
		B8B4B5B3280C5572009DB972 /* Modifires.swift */ = {isa = PBXFileReference; lastKnownFileType = sourcecode.swift; path = Modifires.swift; sourceTree = "<group>"; };
		B8B828742808A1ED00B2FFA3 /* .swiftlint.yml */ = {isa = PBXFileReference; lastKnownFileType = text.yaml; path = .swiftlint.yml; sourceTree = "<group>"; };
		B8C4175428099FC100716ECE /* AppGessFlag.swift */ = {isa = PBXFileReference; lastKnownFileType = sourcecode.swift; path = AppGessFlag.swift; sourceTree = "<group>"; };
		B8C715B628145977000B3701 /* CustomTabBar.swift */ = {isa = PBXFileReference; lastKnownFileType = sourcecode.swift; path = CustomTabBar.swift; sourceTree = "<group>"; };
		B8C9961F280EE9CA002EB4B1 /* AppMyWastes.swift */ = {isa = PBXFileReference; lastKnownFileType = sourcecode.swift; path = AppMyWastes.swift; sourceTree = "<group>"; };
		B8C99621280EFB59002EB4B1 /* AddWastesView.swift */ = {isa = PBXFileReference; lastKnownFileType = sourcecode.swift; path = AddWastesView.swift; sourceTree = "<group>"; };
		B8D65A7C280DC87B0062A748 /* UserDefaults.swift */ = {isa = PBXFileReference; lastKnownFileType = sourcecode.swift; path = UserDefaults.swift; sourceTree = "<group>"; };
		B8D6F998280473BA00A17148 /* TabViewCalcAlerts.swift */ = {isa = PBXFileReference; lastKnownFileType = sourcecode.swift; path = TabViewCalcAlerts.swift; sourceTree = "<group>"; };
/* End PBXFileReference section */

/* Begin PBXFrameworksBuildPhase section */
		222EEBE427C3995000976A46 /* Frameworks */ = {
			isa = PBXFrameworksBuildPhase;
			buildActionMask = 2147483647;
			files = (
			);
			runOnlyForDeploymentPostprocessing = 0;
		};
/* End PBXFrameworksBuildPhase section */

/* Begin PBXGroup section */
		222EEBDE27C3995000976A46 = {
			isa = PBXGroup;
			children = (
				222EEBE927C3995000976A46 /* MyFirstProject */,
				B8B828742808A1ED00B2FFA3 /* .swiftlint.yml */,
				222EEBE827C3995000976A46 /* Products */,
			);
			sourceTree = "<group>";
		};
		222EEBE827C3995000976A46 /* Products */ = {
			isa = PBXGroup;
			children = (
				222EEBE727C3995000976A46 /* MyFirstProject.app */,
			);
			name = Products;
			sourceTree = "<group>";
		};
		222EEBE927C3995000976A46 /* MyFirstProject */ = {
			isa = PBXGroup;
			children = (
				222EEBEA27C3995000976A46 /* MyFirstProjectApp.swift */,
				222EEBEC27C3995000976A46 /* ContentView.swift */,
				22FAB85427C5223100DAF7DB /* StatesGestures.swift */,
				B8AFC66B2801A99B00024CAD /* NavigationViewForm.swift */,
				B8D6F998280473BA00A17148 /* TabViewCalcAlerts.swift */,
				22987F3727C6401E00EDE741 /* ListView.swift */,
				B8C4175428099FC100716ECE /* AppGessFlag.swift */,
				B8B4B5B3280C5572009DB972 /* Modifires.swift */,
				B8398174280C895F0013EB77 /* NavigationLinkSheet.swift */,
				B8D65A7C280DC87B0062A748 /* UserDefaults.swift */,
				B8C9961F280EE9CA002EB4B1 /* AppMyWastes.swift */,
				B8C99621280EFB59002EB4B1 /* AddWastesView.swift */,
				B83F1FA12812FBF200B73031 /* Animation.swift */,
				B8C715B628145977000B3701 /* CustomTabBar.swift */,
				B843833E281478DA005ED69F /* RegistrationPage.swift */,
				222EEBEE27C3995300976A46 /* Assets.xcassets */,
				222EEBF027C3995300976A46 /* Preview Content */,
			);
			path = MyFirstProject;
			sourceTree = "<group>";
		};
		222EEBF027C3995300976A46 /* Preview Content */ = {
			isa = PBXGroup;
			children = (
				222EEBF127C3995300976A46 /* Preview Assets.xcassets */,
			);
			path = "Preview Content";
			sourceTree = "<group>";
		};
/* End PBXGroup section */

/* Begin PBXNativeTarget section */
		222EEBE627C3995000976A46 /* MyFirstProject */ = {
			isa = PBXNativeTarget;
			buildConfigurationList = 222EEBF527C3995300976A46 /* Build configuration list for PBXNativeTarget "MyFirstProject" */;
			buildPhases = (
				222EEBE327C3995000976A46 /* Sources */,
				222EEBE427C3995000976A46 /* Frameworks */,
				222EEBE527C3995000976A46 /* Resources */,
				B8B82873280873CD00B2FFA3 /* SwiftLint */,
			);
			buildRules = (
			);
			dependencies = (
			);
			name = MyFirstProject;
			productName = MyFirstProject;
			productReference = 222EEBE727C3995000976A46 /* MyFirstProject.app */;
			productType = "com.apple.product-type.application";
		};
/* End PBXNativeTarget section */

/* Begin PBXProject section */
		222EEBDF27C3995000976A46 /* Project object */ = {
			isa = PBXProject;
			attributes = {
				BuildIndependentTargetsInParallel = 1;
				LastSwiftUpdateCheck = 1320;
				LastUpgradeCheck = 1320;
				TargetAttributes = {
					222EEBE627C3995000976A46 = {
						CreatedOnToolsVersion = 13.2.1;
					};
				};
			};
			buildConfigurationList = 222EEBE227C3995000976A46 /* Build configuration list for PBXProject "MyFirstProject" */;
			compatibilityVersion = "Xcode 13.0";
			developmentRegion = en;
			hasScannedForEncodings = 0;
			knownRegions = (
				en,
				Base,
			);
			mainGroup = 222EEBDE27C3995000976A46;
			productRefGroup = 222EEBE827C3995000976A46 /* Products */;
			projectDirPath = "";
			projectRoot = "";
			targets = (
				222EEBE627C3995000976A46 /* MyFirstProject */,
			);
		};
/* End PBXProject section */

/* Begin PBXResourcesBuildPhase section */
		222EEBE527C3995000976A46 /* Resources */ = {
			isa = PBXResourcesBuildPhase;
			buildActionMask = 2147483647;
			files = (
				B8B828752808A1ED00B2FFA3 /* .swiftlint.yml in Resources */,
				222EEBF227C3995300976A46 /* Preview Assets.xcassets in Resources */,
				222EEBEF27C3995300976A46 /* Assets.xcassets in Resources */,
			);
			runOnlyForDeploymentPostprocessing = 0;
		};
/* End PBXResourcesBuildPhase section */

/* Begin PBXShellScriptBuildPhase section */
		B8B82873280873CD00B2FFA3 /* SwiftLint */ = {
			isa = PBXShellScriptBuildPhase;
			buildActionMask = 2147483647;
			files = (
			);
			inputFileListPaths = (
			);
			inputPaths = (
			);
			name = SwiftLint;
			outputFileListPaths = (
			);
			outputPaths = (
			);
			runOnlyForDeploymentPostprocessing = 0;
			shellPath = /bin/sh;
			shellScript = "# Type a script or drag a script file from your workspace to insert its path.\nif which swiftlint > /dev/null; then\n  swiftlint\nelse\n  echo \"warning: SwiftLint not installed, download from https://github.com/realm/SwiftLint\"\nfi\n";
		};
/* End PBXShellScriptBuildPhase section */

/* Begin PBXSourcesBuildPhase section */
		222EEBE327C3995000976A46 /* Sources */ = {
			isa = PBXSourcesBuildPhase;
			buildActionMask = 2147483647;
			files = (
				B8398175280C895F0013EB77 /* NavigationLinkSheet.swift in Sources */,
				B8C99622280EFB59002EB4B1 /* AddWastesView.swift in Sources */,
				B8C715B728145977000B3701 /* CustomTabBar.swift in Sources */,
				222EEBED27C3995000976A46 /* ContentView.swift in Sources */,
				22987F3827C6401E00EDE741 /* ListView.swift in Sources */,
				B8C4175528099FC100716ECE /* AppGessFlag.swift in Sources */,
				222EEBEB27C3995000976A46 /* MyFirstProjectApp.swift in Sources */,
				B8B4B5B4280C5572009DB972 /* Modifires.swift in Sources */,
				B8D65A7D280DC87B0062A748 /* UserDefaults.swift in Sources */,
				B8AFC66C2801A99B00024CAD /* NavigationViewForm.swift in Sources */,
				B843833F281478DA005ED69F /* RegistrationPage.swift in Sources */,
				B8C99620280EE9CA002EB4B1 /* AppMyWastes.swift in Sources */,
				22FAB85527C5223100DAF7DB /* StatesGestures.swift in Sources */,
				B8D6F999280473BA00A17148 /* TabViewCalcAlerts.swift in Sources */,
				B83F1FA22812FBF200B73031 /* Animation.swift in Sources */,
			);
			runOnlyForDeploymentPostprocessing = 0;
		};
/* End PBXSourcesBuildPhase section */

/* Begin XCBuildConfiguration section */
		222EEBF327C3995300976A46 /* Debug */ = {
			isa = XCBuildConfiguration;
			buildSettings = {
				ALWAYS_SEARCH_USER_PATHS = NO;
				CLANG_ANALYZER_NONNULL = YES;
				CLANG_ANALYZER_NUMBER_OBJECT_CONVERSION = YES_AGGRESSIVE;
				CLANG_CXX_LANGUAGE_STANDARD = "gnu++17";
				CLANG_CXX_LIBRARY = "libc++";
				CLANG_ENABLE_MODULES = YES;
				CLANG_ENABLE_OBJC_ARC = YES;
				CLANG_ENABLE_OBJC_WEAK = YES;
				CLANG_WARN_BLOCK_CAPTURE_AUTORELEASING = YES;
				CLANG_WARN_BOOL_CONVERSION = YES;
				CLANG_WARN_COMMA = YES;
				CLANG_WARN_CONSTANT_CONVERSION = YES;
				CLANG_WARN_DEPRECATED_OBJC_IMPLEMENTATIONS = YES;
				CLANG_WARN_DIRECT_OBJC_ISA_USAGE = YES_ERROR;
				CLANG_WARN_DOCUMENTATION_COMMENTS = YES;
				CLANG_WARN_EMPTY_BODY = YES;
				CLANG_WARN_ENUM_CONVERSION = YES;
				CLANG_WARN_INFINITE_RECURSION = YES;
				CLANG_WARN_INT_CONVERSION = YES;
				CLANG_WARN_NON_LITERAL_NULL_CONVERSION = YES;
				CLANG_WARN_OBJC_IMPLICIT_RETAIN_SELF = YES;
				CLANG_WARN_OBJC_LITERAL_CONVERSION = YES;
				CLANG_WARN_OBJC_ROOT_CLASS = YES_ERROR;
				CLANG_WARN_QUOTED_INCLUDE_IN_FRAMEWORK_HEADER = YES;
				CLANG_WARN_RANGE_LOOP_ANALYSIS = YES;
				CLANG_WARN_STRICT_PROTOTYPES = YES;
				CLANG_WARN_SUSPICIOUS_MOVE = YES;
				CLANG_WARN_UNGUARDED_AVAILABILITY = YES_AGGRESSIVE;
				CLANG_WARN_UNREACHABLE_CODE = YES;
				CLANG_WARN__DUPLICATE_METHOD_MATCH = YES;
				COPY_PHASE_STRIP = NO;
				DEBUG_INFORMATION_FORMAT = dwarf;
				ENABLE_STRICT_OBJC_MSGSEND = YES;
				ENABLE_TESTABILITY = YES;
				GCC_C_LANGUAGE_STANDARD = gnu11;
				GCC_DYNAMIC_NO_PIC = NO;
				GCC_NO_COMMON_BLOCKS = YES;
				GCC_OPTIMIZATION_LEVEL = 0;
				GCC_PREPROCESSOR_DEFINITIONS = (
					"DEBUG=1",
					"$(inherited)",
				);
				GCC_WARN_64_TO_32_BIT_CONVERSION = YES;
				GCC_WARN_ABOUT_RETURN_TYPE = YES_ERROR;
				GCC_WARN_UNDECLARED_SELECTOR = YES;
				GCC_WARN_UNINITIALIZED_AUTOS = YES_AGGRESSIVE;
				GCC_WARN_UNUSED_FUNCTION = YES;
				GCC_WARN_UNUSED_VARIABLE = YES;
				IPHONEOS_DEPLOYMENT_TARGET = 15.2;
				MTL_ENABLE_DEBUG_INFO = INCLUDE_SOURCE;
				MTL_FAST_MATH = YES;
				ONLY_ACTIVE_ARCH = YES;
				SDKROOT = iphoneos;
				SWIFT_ACTIVE_COMPILATION_CONDITIONS = DEBUG;
				SWIFT_OPTIMIZATION_LEVEL = "-Onone";
			};
			name = Debug;
		};
		222EEBF427C3995300976A46 /* Release */ = {
			isa = XCBuildConfiguration;
			buildSettings = {
				ALWAYS_SEARCH_USER_PATHS = NO;
				CLANG_ANALYZER_NONNULL = YES;
				CLANG_ANALYZER_NUMBER_OBJECT_CONVERSION = YES_AGGRESSIVE;
				CLANG_CXX_LANGUAGE_STANDARD = "gnu++17";
				CLANG_CXX_LIBRARY = "libc++";
				CLANG_ENABLE_MODULES = YES;
				CLANG_ENABLE_OBJC_ARC = YES;
				CLANG_ENABLE_OBJC_WEAK = YES;
				CLANG_WARN_BLOCK_CAPTURE_AUTORELEASING = YES;
				CLANG_WARN_BOOL_CONVERSION = YES;
				CLANG_WARN_COMMA = YES;
				CLANG_WARN_CONSTANT_CONVERSION = YES;
				CLANG_WARN_DEPRECATED_OBJC_IMPLEMENTATIONS = YES;
				CLANG_WARN_DIRECT_OBJC_ISA_USAGE = YES_ERROR;
				CLANG_WARN_DOCUMENTATION_COMMENTS = YES;
				CLANG_WARN_EMPTY_BODY = YES;
				CLANG_WARN_ENUM_CONVERSION = YES;
				CLANG_WARN_INFINITE_RECURSION = YES;
				CLANG_WARN_INT_CONVERSION = YES;
				CLANG_WARN_NON_LITERAL_NULL_CONVERSION = YES;
				CLANG_WARN_OBJC_IMPLICIT_RETAIN_SELF = YES;
				CLANG_WARN_OBJC_LITERAL_CONVERSION = YES;
				CLANG_WARN_OBJC_ROOT_CLASS = YES_ERROR;
				CLANG_WARN_QUOTED_INCLUDE_IN_FRAMEWORK_HEADER = YES;
				CLANG_WARN_RANGE_LOOP_ANALYSIS = YES;
				CLANG_WARN_STRICT_PROTOTYPES = YES;
				CLANG_WARN_SUSPICIOUS_MOVE = YES;
				CLANG_WARN_UNGUARDED_AVAILABILITY = YES_AGGRESSIVE;
				CLANG_WARN_UNREACHABLE_CODE = YES;
				CLANG_WARN__DUPLICATE_METHOD_MATCH = YES;
				COPY_PHASE_STRIP = NO;
				DEBUG_INFORMATION_FORMAT = "dwarf-with-dsym";
				ENABLE_NS_ASSERTIONS = NO;
				ENABLE_STRICT_OBJC_MSGSEND = YES;
				GCC_C_LANGUAGE_STANDARD = gnu11;
				GCC_NO_COMMON_BLOCKS = YES;
				GCC_WARN_64_TO_32_BIT_CONVERSION = YES;
				GCC_WARN_ABOUT_RETURN_TYPE = YES_ERROR;
				GCC_WARN_UNDECLARED_SELECTOR = YES;
				GCC_WARN_UNINITIALIZED_AUTOS = YES_AGGRESSIVE;
				GCC_WARN_UNUSED_FUNCTION = YES;
				GCC_WARN_UNUSED_VARIABLE = YES;
				IPHONEOS_DEPLOYMENT_TARGET = 15.2;
				MTL_ENABLE_DEBUG_INFO = NO;
				MTL_FAST_MATH = YES;
				SDKROOT = iphoneos;
				SWIFT_COMPILATION_MODE = wholemodule;
				SWIFT_OPTIMIZATION_LEVEL = "-O";
				VALIDATE_PRODUCT = YES;
			};
			name = Release;
		};
		222EEBF627C3995300976A46 /* Debug */ = {
			isa = XCBuildConfiguration;
			buildSettings = {
				ASSETCATALOG_COMPILER_APPICON_NAME = AppIcon;
				ASSETCATALOG_COMPILER_GLOBAL_ACCENT_COLOR_NAME = AccentColor;
				CODE_SIGN_STYLE = Automatic;
				CURRENT_PROJECT_VERSION = 1;
				DEVELOPMENT_ASSET_PATHS = "\"MyFirstProject/Preview Content\"";
				DEVELOPMENT_TEAM = 6A993WRUGR;
				ENABLE_PREVIEWS = YES;
				GENERATE_INFOPLIST_FILE = YES;
				INFOPLIST_KEY_UIApplicationSceneManifest_Generation = YES;
				INFOPLIST_KEY_UIApplicationSupportsIndirectInputEvents = YES;
				INFOPLIST_KEY_UILaunchScreen_Generation = YES;
				INFOPLIST_KEY_UISupportedInterfaceOrientations_iPad = "UIInterfaceOrientationPortrait UIInterfaceOrientationPortraitUpsideDown UIInterfaceOrientationLandscapeLeft UIInterfaceOrientationLandscapeRight";
				INFOPLIST_KEY_UISupportedInterfaceOrientations_iPhone = "UIInterfaceOrientationPortrait UIInterfaceOrientationLandscapeLeft UIInterfaceOrientationLandscapeRight";
				LD_RUNPATH_SEARCH_PATHS = (
					"$(inherited)",
					"@executable_path/Frameworks",
				);
				MARKETING_VERSION = 1.0;
				PRODUCT_BUNDLE_IDENTIFIER = "Tatyana-Granchenko.MyFirstProject";
				PRODUCT_NAME = "$(TARGET_NAME)";
				SWIFT_EMIT_LOC_STRINGS = YES;
				SWIFT_VERSION = 5.0;
				TARGETED_DEVICE_FAMILY = "1,2";
			};
			name = Debug;
		};
		222EEBF727C3995300976A46 /* Release */ = {
			isa = XCBuildConfiguration;
			buildSettings = {
				ASSETCATALOG_COMPILER_APPICON_NAME = AppIcon;
				ASSETCATALOG_COMPILER_GLOBAL_ACCENT_COLOR_NAME = AccentColor;
				CODE_SIGN_STYLE = Automatic;
				CURRENT_PROJECT_VERSION = 1;
				DEVELOPMENT_ASSET_PATHS = "\"MyFirstProject/Preview Content\"";
				DEVELOPMENT_TEAM = 6A993WRUGR;
				ENABLE_PREVIEWS = YES;
				GENERATE_INFOPLIST_FILE = YES;
				INFOPLIST_KEY_UIApplicationSceneManifest_Generation = YES;
				INFOPLIST_KEY_UIApplicationSupportsIndirectInputEvents = YES;
				INFOPLIST_KEY_UILaunchScreen_Generation = YES;
				INFOPLIST_KEY_UISupportedInterfaceOrientations_iPad = "UIInterfaceOrientationPortrait UIInterfaceOrientationPortraitUpsideDown UIInterfaceOrientationLandscapeLeft UIInterfaceOrientationLandscapeRight";
				INFOPLIST_KEY_UISupportedInterfaceOrientations_iPhone = "UIInterfaceOrientationPortrait UIInterfaceOrientationLandscapeLeft UIInterfaceOrientationLandscapeRight";
				LD_RUNPATH_SEARCH_PATHS = (
					"$(inherited)",
					"@executable_path/Frameworks",
				);
				MARKETING_VERSION = 1.0;
				PRODUCT_BUNDLE_IDENTIFIER = "Tatyana-Granchenko.MyFirstProject";
				PRODUCT_NAME = "$(TARGET_NAME)";
				SWIFT_EMIT_LOC_STRINGS = YES;
				SWIFT_VERSION = 5.0;
				TARGETED_DEVICE_FAMILY = "1,2";
			};
			name = Release;
		};
/* End XCBuildConfiguration section */

/* Begin XCConfigurationList section */
		222EEBE227C3995000976A46 /* Build configuration list for PBXProject "MyFirstProject" */ = {
			isa = XCConfigurationList;
			buildConfigurations = (
				222EEBF327C3995300976A46 /* Debug */,
				222EEBF427C3995300976A46 /* Release */,
			);
			defaultConfigurationIsVisible = 0;
			defaultConfigurationName = Release;
		};
		222EEBF527C3995300976A46 /* Build configuration list for PBXNativeTarget "MyFirstProject" */ = {
			isa = XCConfigurationList;
			buildConfigurations = (
				222EEBF627C3995300976A46 /* Debug */,
				222EEBF727C3995300976A46 /* Release */,
			);
			defaultConfigurationIsVisible = 0;
			defaultConfigurationName = Release;
		};
/* End XCConfigurationList section */
	};
	rootObject = 222EEBDF27C3995000976A46 /* Project object */;
}
